
Microsoft Visual Studio Solution File, Format Version 12.00
# Visual Studio 15
VisualStudioVersion = 15.0.26228.12
MinimumVisualStudioVersion = 10.0.40219.1
Project("{FAE04EC0-301F-11D3-BF4B-00C04F79EFBC}") = "Predrag_Djokic", "Predrag_Djokic\Predrag_Djokic.csproj", "{FFF35213-69E0-4301-918A-DEC5AC4C41F8}"
EndProject
Project("{FAE04EC0-301F-11D3-BF4B-00C04F79EFBC}") = "Predrag_Djokic.Tests", "Predrag_Djokic.Tests\Predrag_Djokic.Tests.csproj", "{C6D47F58-19BC-4FDE-8807-7DA4B86E4998}"
EndProject
Global
	GlobalSection(SolutionConfigurationPlatforms) = preSolution
		Debug|Any CPU = Debug|Any CPU
		Release|Any CPU = Release|Any CPU
	EndGlobalSection
	GlobalSection(ProjectConfigurationPlatforms) = postSolution
		{FFF35213-69E0-4301-918A-DEC5AC4C41F8}.Debug|Any CPU.ActiveCfg = Debug|Any CPU
		{FFF35213-69E0-4301-918A-DEC5AC4C41F8}.Debug|Any CPU.Build.0 = Debug|Any CPU
		{FFF35213-69E0-4301-918A-DEC5AC4C41F8}.Release|Any CPU.ActiveCfg = Release|Any CPU
		{FFF35213-69E0-4301-918A-DEC5AC4C41F8}.Release|Any CPU.Build.0 = Release|Any CPU
		{C6D47F58-19BC-4FDE-8807-7DA4B86E4998}.Debug|Any CPU.ActiveCfg = Debug|Any CPU
		{C6D47F58-19BC-4FDE-8807-7DA4B86E4998}.Debug|Any CPU.Build.0 = Debug|Any CPU
		{C6D47F58-19BC-4FDE-8807-7DA4B86E4998}.Release|Any CPU.ActiveCfg = Release|Any CPU
		{C6D47F58-19BC-4FDE-8807-7DA4B86E4998}.Release|Any CPU.Build.0 = Release|Any CPU
	EndGlobalSection
	GlobalSection(SolutionProperties) = preSolution
		HideSolutionNode = FALSE
	EndGlobalSection
EndGlobal
